// !$*UTF8*$!
{
	archiveVersion = 1;
	classes = {
	};
	objectVersion = 56;
	objects = {

/* Begin PBXBuildFile section */
		C81941FC2B930BB400EAB302 /* AppDelegate.swift in Sources */ = {isa = PBXBuildFile; fileRef = C81941FB2B930BB400EAB302 /* AppDelegate.swift */; };
		C81941FE2B930BB400EAB302 /* SceneDelegate.swift in Sources */ = {isa = PBXBuildFile; fileRef = C81941FD2B930BB400EAB302 /* SceneDelegate.swift */; };
		C81942002B930BB400EAB302 /* ViewController.swift in Sources */ = {isa = PBXBuildFile; fileRef = C81941FF2B930BB400EAB302 /* ViewController.swift */; };
		C81942032B930BB400EAB302 /* Main.storyboard in Resources */ = {isa = PBXBuildFile; fileRef = C81942012B930BB400EAB302 /* Main.storyboard */; };
		C81942052B930BB500EAB302 /* Assets.xcassets in Resources */ = {isa = PBXBuildFile; fileRef = C81942042B930BB500EAB302 /* Assets.xcassets */; };
		C81942082B930BB500EAB302 /* LaunchScreen.storyboard in Resources */ = {isa = PBXBuildFile; fileRef = C81942062B930BB500EAB302 /* LaunchScreen.storyboard */; };
		C81942132B930BB600EAB302 /* lab4Tests.swift in Sources */ = {isa = PBXBuildFile; fileRef = C81942122B930BB600EAB302 /* lab4Tests.swift */; };
		C819421D2B930BB600EAB302 /* lab4UITests.swift in Sources */ = {isa = PBXBuildFile; fileRef = C819421C2B930BB600EAB302 /* lab4UITests.swift */; };
		C819421F2B930BB600EAB302 /* lab4UITestsLaunchTests.swift in Sources */ = {isa = PBXBuildFile; fileRef = C819421E2B930BB600EAB302 /* lab4UITestsLaunchTests.swift */; };
/* End PBXBuildFile section */

/* Begin PBXContainerItemProxy section */
		C819420F2B930BB500EAB302 /* PBXContainerItemProxy */ = {
			isa = PBXContainerItemProxy;
			containerPortal = C81941F02B930BB400EAB302 /* Project object */;
			proxyType = 1;
			remoteGlobalIDString = C81941F72B930BB400EAB302;
			remoteInfo = lab4;
		};
		C81942192B930BB600EAB302 /* PBXContainerItemProxy */ = {
			isa = PBXContainerItemProxy;
			containerPortal = C81941F02B930BB400EAB302 /* Project object */;
			proxyType = 1;
			remoteGlobalIDString = C81941F72B930BB400EAB302;
			remoteInfo = lab4;
		};
/* End PBXContainerItemProxy section */

/* Begin PBXFileReference section */
		C81941F82B930BB400EAB302 /* lab4.app */ = {isa = PBXFileReference; explicitFileType = wrapper.application; includeInIndex = 0; path = lab4.app; sourceTree = BUILT_PRODUCTS_DIR; };
		C81941FB2B930BB400EAB302 /* AppDelegate.swift */ = {isa = PBXFileReference; lastKnownFileType = sourcecode.swift; path = AppDelegate.swift; sourceTree = "<group>"; };
		C81941FD2B930BB400EAB302 /* SceneDelegate.swift */ = {isa = PBXFileReference; lastKnownFileType = sourcecode.swift; path = SceneDelegate.swift; sourceTree = "<group>"; };
		C81941FF2B930BB400EAB302 /* ViewController.swift */ = {isa = PBXFileReference; lastKnownFileType = sourcecode.swift; path = ViewController.swift; sourceTree = "<group>"; };
		C81942022B930BB400EAB302 /* Base */ = {isa = PBXFileReference; lastKnownFileType = file.storyboard; name = Base; path = Base.lproj/Main.storyboard; sourceTree = "<group>"; };
		C81942042B930BB500EAB302 /* Assets.xcassets */ = {isa = PBXFileReference; lastKnownFileType = folder.assetcatalog; path = Assets.xcassets; sourceTree = "<group>"; };
		C81942072B930BB500EAB302 /* Base */ = {isa = PBXFileReference; lastKnownFileType = file.storyboard; name = Base; path = Base.lproj/LaunchScreen.storyboard; sourceTree = "<group>"; };
		C81942092B930BB500EAB302 /* Info.plist */ = {isa = PBXFileReference; lastKnownFileType = text.plist.xml; path = Info.plist; sourceTree = "<group>"; };
		C819420E2B930BB500EAB302 /* lab4Tests.xctest */ = {isa = PBXFileReference; explicitFileType = wrapper.cfbundle; includeInIndex = 0; path = lab4Tests.xctest; sourceTree = BUILT_PRODUCTS_DIR; };
		C81942122B930BB600EAB302 /* lab4Tests.swift */ = {isa = PBXFileReference; lastKnownFileType = sourcecode.swift; path = lab4Tests.swift; sourceTree = "<group>"; };
		C81942182B930BB600EAB302 /* lab4UITests.xctest */ = {isa = PBXFileReference; explicitFileType = wrapper.cfbundle; includeInIndex = 0; path = lab4UITests.xctest; sourceTree = BUILT_PRODUCTS_DIR; };
		C819421C2B930BB600EAB302 /* lab4UITests.swift */ = {isa = PBXFileReference; lastKnownFileType = sourcecode.swift; path = lab4UITests.swift; sourceTree = "<group>"; };
		C819421E2B930BB600EAB302 /* lab4UITestsLaunchTests.swift */ = {isa = PBXFileReference; lastKnownFileType = sourcecode.swift; path = lab4UITestsLaunchTests.swift; sourceTree = "<group>"; };
/* End PBXFileReference section */

/* Begin PBXFrameworksBuildPhase section */
		C81941F52B930BB400EAB302 /* Frameworks */ = {
			isa = PBXFrameworksBuildPhase;
			buildActionMask = 2147483647;
			files = (
			);
			runOnlyForDeploymentPostprocessing = 0;
		};
		C819420B2B930BB500EAB302 /* Frameworks */ = {
			isa = PBXFrameworksBuildPhase;
			buildActionMask = 2147483647;
			files = (
			);
			runOnlyForDeploymentPostprocessing = 0;
		};
		C81942152B930BB600EAB302 /* Frameworks */ = {
			isa = PBXFrameworksBuildPhase;
			buildActionMask = 2147483647;
			files = (
			);
			runOnlyForDeploymentPostprocessing = 0;
		};
/* End PBXFrameworksBuildPhase section */

/* Begin PBXGroup section */
		C81941EF2B930BB400EAB302 = {
			isa = PBXGroup;
			children = (
				C81941FA2B930BB400EAB302 /* lab4 */,
				C81942112B930BB500EAB302 /* lab4Tests */,
				C819421B2B930BB600EAB302 /* lab4UITests */,
				C81941F92B930BB400EAB302 /* Products */,
			);
			sourceTree = "<group>";
		};
		C81941F92B930BB400EAB302 /* Products */ = {
			isa = PBXGroup;
			children = (
				C81941F82B930BB400EAB302 /* lab4.app */,
				C819420E2B930BB500EAB302 /* lab4Tests.xctest */,
				C81942182B930BB600EAB302 /* lab4UITests.xctest */,
			);
			name = Products;
			sourceTree = "<group>";
		};
		C81941FA2B930BB400EAB302 /* lab4 */ = {
			isa = PBXGroup;
			children = (
				C81941FB2B930BB400EAB302 /* AppDelegate.swift */,
				C81941FD2B930BB400EAB302 /* SceneDelegate.swift */,
				C81941FF2B930BB400EAB302 /* ViewController.swift */,
				C81942012B930BB400EAB302 /* Main.storyboard */,
				C81942042B930BB500EAB302 /* Assets.xcassets */,
				C81942062B930BB500EAB302 /* LaunchScreen.storyboard */,
				C81942092B930BB500EAB302 /* Info.plist */,
			);
			path = lab4;
			sourceTree = "<group>";
		};
		C81942112B930BB500EAB302 /* lab4Tests */ = {
			isa = PBXGroup;
			children = (
				C81942122B930BB600EAB302 /* lab4Tests.swift */,
			);
			path = lab4Tests;
			sourceTree = "<group>";
		};
		C819421B2B930BB600EAB302 /* lab4UITests */ = {
			isa = PBXGroup;
			children = (
				C819421C2B930BB600EAB302 /* lab4UITests.swift */,
				C819421E2B930BB600EAB302 /* lab4UITestsLaunchTests.swift */,
			);
			path = lab4UITests;
			sourceTree = "<group>";
		};
/* End PBXGroup section */

/* Begin PBXNativeTarget section */
		C81941F72B930BB400EAB302 /* lab4 */ = {
			isa = PBXNativeTarget;
			buildConfigurationList = C81942222B930BB600EAB302 /* Build configuration list for PBXNativeTarget "lab4" */;
			buildPhases = (
				C81941F42B930BB400EAB302 /* Sources */,
				C81941F52B930BB400EAB302 /* Frameworks */,
				C81941F62B930BB400EAB302 /* Resources */,
			);
			buildRules = (
			);
			dependencies = (
			);
			name = lab4;
			productName = lab4;
			productReference = C81941F82B930BB400EAB302 /* lab4.app */;
			productType = "com.apple.product-type.application";
		};
		C819420D2B930BB500EAB302 /* lab4Tests */ = {
			isa = PBXNativeTarget;
			buildConfigurationList = C81942252B930BB600EAB302 /* Build configuration list for PBXNativeTarget "lab4Tests" */;
			buildPhases = (
				C819420A2B930BB500EAB302 /* Sources */,
				C819420B2B930BB500EAB302 /* Frameworks */,
				C819420C2B930BB500EAB302 /* Resources */,
			);
			buildRules = (
			);
			dependencies = (
				C81942102B930BB500EAB302 /* PBXTargetDependency */,
			);
			name = lab4Tests;
			productName = lab4Tests;
			productReference = C819420E2B930BB500EAB302 /* lab4Tests.xctest */;
			productType = "com.apple.product-type.bundle.unit-test";
		};
		C81942172B930BB600EAB302 /* lab4UITests */ = {
			isa = PBXNativeTarget;
			buildConfigurationList = C81942282B930BB600EAB302 /* Build configuration list for PBXNativeTarget "lab4UITests" */;
			buildPhases = (
				C81942142B930BB600EAB302 /* Sources */,
				C81942152B930BB600EAB302 /* Frameworks */,
				C81942162B930BB600EAB302 /* Resources */,
			);
			buildRules = (
			);
			dependencies = (
				C819421A2B930BB600EAB302 /* PBXTargetDependency */,
			);
			name = lab4UITests;
			productName = lab4UITests;
			productReference = C81942182B930BB600EAB302 /* lab4UITests.xctest */;
			productType = "com.apple.product-type.bundle.ui-testing";
		};
/* End PBXNativeTarget section */

/* Begin PBXProject section */
		C81941F02B930BB400EAB302 /* Project object */ = {
			isa = PBXProject;
			attributes = {
				BuildIndependentTargetsInParallel = 1;
				LastSwiftUpdateCheck = 1520;
				LastUpgradeCheck = 1520;
				TargetAttributes = {
					C81941F72B930BB400EAB302 = {
						CreatedOnToolsVersion = 15.2;
					};
					C819420D2B930BB500EAB302 = {
						CreatedOnToolsVersion = 15.2;
						TestTargetID = C81941F72B930BB400EAB302;
					};
					C81942172B930BB600EAB302 = {
						CreatedOnToolsVersion = 15.2;
						TestTargetID = C81941F72B930BB400EAB302;
					};
				};
			};
			buildConfigurationList = C81941F32B930BB400EAB302 /* Build configuration list for PBXProject "lab4" */;
			compatibilityVersion = "Xcode 14.0";
			developmentRegion = en;
			hasScannedForEncodings = 0;
			knownRegions = (
				en,
				Base,
			);
			mainGroup = C81941EF2B930BB400EAB302;
			productRefGroup = C81941F92B930BB400EAB302 /* Products */;
			projectDirPath = "";
			projectRoot = "";
			targets = (
				C81941F72B930BB400EAB302 /* lab4 */,
				C819420D2B930BB500EAB302 /* lab4Tests */,
				C81942172B930BB600EAB302 /* lab4UITests */,
			);
		};
/* End PBXProject section */

/* Begin PBXResourcesBuildPhase section */
		C81941F62B930BB400EAB302 /* Resources */ = {
			isa = PBXResourcesBuildPhase;
			buildActionMask = 2147483647;
			files = (
				C81942082B930BB500EAB302 /* LaunchScreen.storyboard in Resources */,
				C81942052B930BB500EAB302 /* Assets.xcassets in Resources */,
				C81942032B930BB400EAB302 /* Main.storyboard in Resources */,
			);
			runOnlyForDeploymentPostprocessing = 0;
		};
		C819420C2B930BB500EAB302 /* Resources */ = {
			isa = PBXResourcesBuildPhase;
			buildActionMask = 2147483647;
			files = (
			);
			runOnlyForDeploymentPostprocessing = 0;
		};
		C81942162B930BB600EAB302 /* Resources */ = {
			isa = PBXResourcesBuildPhase;
			buildActionMask = 2147483647;
			files = (
			);
			runOnlyForDeploymentPostprocessing = 0;
		};
/* End PBXResourcesBuildPhase section */

/* Begin PBXSourcesBuildPhase section */
		C81941F42B930BB400EAB302 /* Sources */ = {
			isa = PBXSourcesBuildPhase;
			buildActionMask = 2147483647;
			files = (
				C81942002B930BB400EAB302 /* ViewController.swift in Sources */,
				C81941FC2B930BB400EAB302 /* AppDelegate.swift in Sources */,
				C81941FE2B930BB400EAB302 /* SceneDelegate.swift in Sources */,
			);
			runOnlyForDeploymentPostprocessing = 0;
		};
		C819420A2B930BB500EAB302 /* Sources */ = {
			isa = PBXSourcesBuildPhase;
			buildActionMask = 2147483647;
			files = (
				C81942132B930BB600EAB302 /* lab4Tests.swift in Sources */,
			);
			runOnlyForDeploymentPostprocessing = 0;
		};
		C81942142B930BB600EAB302 /* Sources */ = {
			isa = PBXSourcesBuildPhase;
			buildActionMask = 2147483647;
			files = (
				C819421D2B930BB600EAB302 /* lab4UITests.swift in Sources */,
				C819421F2B930BB600EAB302 /* lab4UITestsLaunchTests.swift in Sources */,
			);
			runOnlyForDeploymentPostprocessing = 0;
		};
/* End PBXSourcesBuildPhase section */

/* Begin PBXTargetDependency section */
		C81942102B930BB500EAB302 /* PBXTargetDependency */ = {
			isa = PBXTargetDependency;
			target = C81941F72B930BB400EAB302 /* lab4 */;
			targetProxy = C819420F2B930BB500EAB302 /* PBXContainerItemProxy */;
		};
		C819421A2B930BB600EAB302 /* PBXTargetDependency */ = {
			isa = PBXTargetDependency;
			target = C81941F72B930BB400EAB302 /* lab4 */;
			targetProxy = C81942192B930BB600EAB302 /* PBXContainerItemProxy */;
		};
/* End PBXTargetDependency section */

/* Begin PBXVariantGroup section */
		C81942012B930BB400EAB302 /* Main.storyboard */ = {
			isa = PBXVariantGroup;
			children = (
				C81942022B930BB400EAB302 /* Base */,
			);
			name = Main.storyboard;
			sourceTree = "<group>";
		};
		C81942062B930BB500EAB302 /* LaunchScreen.storyboard */ = {
			isa = PBXVariantGroup;
			children = (
				C81942072B930BB500EAB302 /* Base */,
			);
			name = LaunchScreen.storyboard;
			sourceTree = "<group>";
		};
/* End PBXVariantGroup section */

/* Begin XCBuildConfiguration section */
		C81942202B930BB600EAB302 /* Debug */ = {
			isa = XCBuildConfiguration;
			buildSettings = {
				ALWAYS_SEARCH_USER_PATHS = NO;
				ASSETCATALOG_COMPILER_GENERATE_SWIFT_ASSET_SYMBOL_EXTENSIONS = YES;
				CLANG_ANALYZER_NONNULL = YES;
				CLANG_ANALYZER_NUMBER_OBJECT_CONVERSION = YES_AGGRESSIVE;
				CLANG_CXX_LANGUAGE_STANDARD = "gnu++20";
				CLANG_ENABLE_MODULES = YES;
				CLANG_ENABLE_OBJC_ARC = YES;
				CLANG_ENABLE_OBJC_WEAK = YES;
				CLANG_WARN_BLOCK_CAPTURE_AUTORELEASING = YES;
				CLANG_WARN_BOOL_CONVERSION = YES;
				CLANG_WARN_COMMA = YES;
				CLANG_WARN_CONSTANT_CONVERSION = YES;
				CLANG_WARN_DEPRECATED_OBJC_IMPLEMENTATIONS = YES;
				CLANG_WARN_DIRECT_OBJC_ISA_USAGE = YES_ERROR;
				CLANG_WARN_DOCUMENTATION_COMMENTS = YES;
				CLANG_WARN_EMPTY_BODY = YES;
				CLANG_WARN_ENUM_CONVERSION = YES;
				CLANG_WARN_INFINITE_RECURSION = YES;
				CLANG_WARN_INT_CONVERSION = YES;
				CLANG_WARN_NON_LITERAL_NULL_CONVERSION = YES;
				CLANG_WARN_OBJC_IMPLICIT_RETAIN_SELF = YES;
				CLANG_WARN_OBJC_LITERAL_CONVERSION = YES;
				CLANG_WARN_OBJC_ROOT_CLASS = YES_ERROR;
				CLANG_WARN_QUOTED_INCLUDE_IN_FRAMEWORK_HEADER = YES;
				CLANG_WARN_RANGE_LOOP_ANALYSIS = YES;
				CLANG_WARN_STRICT_PROTOTYPES = YES;
				CLANG_WARN_SUSPICIOUS_MOVE = YES;
				CLANG_WARN_UNGUARDED_AVAILABILITY = YES_AGGRESSIVE;
				CLANG_WARN_UNREACHABLE_CODE = YES;
				CLANG_WARN__DUPLICATE_METHOD_MATCH = YES;
				COPY_PHASE_STRIP = NO;
				DEBUG_INFORMATION_FORMAT = dwarf;
				ENABLE_STRICT_OBJC_MSGSEND = YES;
				ENABLE_TESTABILITY = YES;
				ENABLE_USER_SCRIPT_SANDBOXING = YES;
				GCC_C_LANGUAGE_STANDARD = gnu17;
				GCC_DYNAMIC_NO_PIC = NO;
				GCC_NO_COMMON_BLOCKS = YES;
				GCC_OPTIMIZATION_LEVEL = 0;
				GCC_PREPROCESSOR_DEFINITIONS = (
					"DEBUG=1",
					"$(inherited)",
				);
				GCC_WARN_64_TO_32_BIT_CONVERSION = YES;
				GCC_WARN_ABOUT_RETURN_TYPE = YES_ERROR;
				GCC_WARN_UNDECLARED_SELECTOR = YES;
				GCC_WARN_UNINITIALIZED_AUTOS = YES_AGGRESSIVE;
				GCC_WARN_UNUSED_FUNCTION = YES;
				GCC_WARN_UNUSED_VARIABLE = YES;
				IPHONEOS_DEPLOYMENT_TARGET = 17.2;
				LOCALIZATION_PREFERS_STRING_CATALOGS = YES;
				MTL_ENABLE_DEBUG_INFO = INCLUDE_SOURCE;
				MTL_FAST_MATH = YES;
				ONLY_ACTIVE_ARCH = YES;
				SDKROOT = iphoneos;
				SWIFT_ACTIVE_COMPILATION_CONDITIONS = "DEBUG $(inherited)";
				SWIFT_OPTIMIZATION_LEVEL = "-Onone";
			};
			name = Debug;
		};
		C81942212B930BB600EAB302 /* Release */ = {
			isa = XCBuildConfiguration;
			buildSettings = {
				ALWAYS_SEARCH_USER_PATHS = NO;
				ASSETCATALOG_COMPILER_GENERATE_SWIFT_ASSET_SYMBOL_EXTENSIONS = YES;
				CLANG_ANALYZER_NONNULL = YES;
				CLANG_ANALYZER_NUMBER_OBJECT_CONVERSION = YES_AGGRESSIVE;
				CLANG_CXX_LANGUAGE_STANDARD = "gnu++20";
				CLANG_ENABLE_MODULES = YES;
				CLANG_ENABLE_OBJC_ARC = YES;
				CLANG_ENABLE_OBJC_WEAK = YES;
				CLANG_WARN_BLOCK_CAPTURE_AUTORELEASING = YES;
				CLANG_WARN_BOOL_CONVERSION = YES;
				CLANG_WARN_COMMA = YES;
				CLANG_WARN_CONSTANT_CONVERSION = YES;
				CLANG_WARN_DEPRECATED_OBJC_IMPLEMENTATIONS = YES;
				CLANG_WARN_DIRECT_OBJC_ISA_USAGE = YES_ERROR;
				CLANG_WARN_DOCUMENTATION_COMMENTS = YES;
				CLANG_WARN_EMPTY_BODY = YES;
				CLANG_WARN_ENUM_CONVERSION = YES;
				CLANG_WARN_INFINITE_RECURSION = YES;
				CLANG_WARN_INT_CONVERSION = YES;
				CLANG_WARN_NON_LITERAL_NULL_CONVERSION = YES;
				CLANG_WARN_OBJC_IMPLICIT_RETAIN_SELF = YES;
				CLANG_WARN_OBJC_LITERAL_CONVERSION = YES;
				CLANG_WARN_OBJC_ROOT_CLASS = YES_ERROR;
				CLANG_WARN_QUOTED_INCLUDE_IN_FRAMEWORK_HEADER = YES;
				CLANG_WARN_RANGE_LOOP_ANALYSIS = YES;
				CLANG_WARN_STRICT_PROTOTYPES = YES;
				CLANG_WARN_SUSPICIOUS_MOVE = YES;
				CLANG_WARN_UNGUARDED_AVAILABILITY = YES_AGGRESSIVE;
				CLANG_WARN_UNREACHABLE_CODE = YES;
				CLANG_WARN__DUPLICATE_METHOD_MATCH = YES;
				COPY_PHASE_STRIP = NO;
				DEBUG_INFORMATION_FORMAT = "dwarf-with-dsym";
				ENABLE_NS_ASSERTIONS = NO;
				ENABLE_STRICT_OBJC_MSGSEND = YES;
				ENABLE_USER_SCRIPT_SANDBOXING = YES;
				GCC_C_LANGUAGE_STANDARD = gnu17;
				GCC_NO_COMMON_BLOCKS = YES;
				GCC_WARN_64_TO_32_BIT_CONVERSION = YES;
				GCC_WARN_ABOUT_RETURN_TYPE = YES_ERROR;
				GCC_WARN_UNDECLARED_SELECTOR = YES;
				GCC_WARN_UNINITIALIZED_AUTOS = YES_AGGRESSIVE;
				GCC_WARN_UNUSED_FUNCTION = YES;
				GCC_WARN_UNUSED_VARIABLE = YES;
				IPHONEOS_DEPLOYMENT_TARGET = 17.2;
				LOCALIZATION_PREFERS_STRING_CATALOGS = YES;
				MTL_ENABLE_DEBUG_INFO = NO;
				MTL_FAST_MATH = YES;
				SDKROOT = iphoneos;
				SWIFT_COMPILATION_MODE = wholemodule;
				VALIDATE_PRODUCT = YES;
			};
			name = Release;
		};
		C81942232B930BB600EAB302 /* Debug */ = {
			isa = XCBuildConfiguration;
			buildSettings = {
				ASSETCATALOG_COMPILER_APPICON_NAME = AppIcon;
				ASSETCATALOG_COMPILER_GLOBAL_ACCENT_COLOR_NAME = AccentColor;
				CODE_SIGN_STYLE = Automatic;
				CURRENT_PROJECT_VERSION = 1;
				GENERATE_INFOPLIST_FILE = YES;
				INFOPLIST_FILE = lab4/Info.plist;
				INFOPLIST_KEY_UIApplicationSupportsIndirectInputEvents = YES;
				INFOPLIST_KEY_UILaunchStoryboardName = LaunchScreen;
				INFOPLIST_KEY_UIMainStoryboardFile = Main;
				INFOPLIST_KEY_UISupportedInterfaceOrientations_iPad = "UIInterfaceOrientationPortrait UIInterfaceOrientationPortraitUpsideDown UIInterfaceOrientationLandscapeLeft UIInterfaceOrientationLandscapeRight";
				INFOPLIST_KEY_UISupportedInterfaceOrientations_iPhone = "UIInterfaceOrientationPortrait UIInterfaceOrientationLandscapeLeft UIInterfaceOrientationLandscapeRight";
				LD_RUNPATH_SEARCH_PATHS = (
					"$(inherited)",
					"@executable_path/Frameworks",
				);
				MARKETING_VERSION = 1.0;
				PRODUCT_BUNDLE_IDENTIFIER = example.com.lab4;
				PRODUCT_NAME = "$(TARGET_NAME)";
				SWIFT_EMIT_LOC_STRINGS = YES;
				SWIFT_VERSION = 5.0;
				TARGETED_DEVICE_FAMILY = "1,2";
			};
			name = Debug;
		};
		C81942242B930BB600EAB302 /* Release */ = {
			isa = XCBuildConfiguration;
			buildSettings = {
				ASSETCATALOG_COMPILER_APPICON_NAME = AppIcon;
				ASSETCATALOG_COMPILER_GLOBAL_ACCENT_COLOR_NAME = AccentColor;
				CODE_SIGN_STYLE = Automatic;
				CURRENT_PROJECT_VERSION = 1;
				GENERATE_INFOPLIST_FILE = YES;
				INFOPLIST_FILE = lab4/Info.plist;
				INFOPLIST_KEY_UIApplicationSupportsIndirectInputEvents = YES;
				INFOPLIST_KEY_UILaunchStoryboardName = LaunchScreen;
				INFOPLIST_KEY_UIMainStoryboardFile = Main;
				INFOPLIST_KEY_UISupportedInterfaceOrientations_iPad = "UIInterfaceOrientationPortrait UIInterfaceOrientationPortraitUpsideDown UIInterfaceOrientationLandscapeLeft UIInterfaceOrientationLandscapeRight";
				INFOPLIST_KEY_UISupportedInterfaceOrientations_iPhone = "UIInterfaceOrientationPortrait UIInterfaceOrientationLandscapeLeft UIInterfaceOrientationLandscapeRight";
				LD_RUNPATH_SEARCH_PATHS = (
					"$(inherited)",
					"@executable_path/Frameworks",
				);
				MARKETING_VERSION = 1.0;
				PRODUCT_BUNDLE_IDENTIFIER = example.com.lab4;
				PRODUCT_NAME = "$(TARGET_NAME)";
				SWIFT_EMIT_LOC_STRINGS = YES;
				SWIFT_VERSION = 5.0;
				TARGETED_DEVICE_FAMILY = "1,2";
			};
			name = Release;
		};
		C81942262B930BB600EAB302 /* Debug */ = {
			isa = XCBuildConfiguration;
			buildSettings = {
				ALWAYS_EMBED_SWIFT_STANDARD_LIBRARIES = YES;
				BUNDLE_LOADER = "$(TEST_HOST)";
				CODE_SIGN_STYLE = Automatic;
				CURRENT_PROJECT_VERSION = 1;
				GENERATE_INFOPLIST_FILE = YES;
				IPHONEOS_DEPLOYMENT_TARGET = 17.2;
				MARKETING_VERSION = 1.0;
				PRODUCT_BUNDLE_IDENTIFIER = example.com.lab4Tests;
				PRODUCT_NAME = "$(TARGET_NAME)";
				SWIFT_EMIT_LOC_STRINGS = NO;
				SWIFT_VERSION = 5.0;
				TARGETED_DEVICE_FAMILY = "1,2";
				TEST_HOST = "$(BUILT_PRODUCTS_DIR)/lab4.app/$(BUNDLE_EXECUTABLE_FOLDER_PATH)/lab4";
			};
			name = Debug;
		};
		C81942272B930BB600EAB302 /* Release */ = {
			isa = XCBuildConfiguration;
			buildSettings = {
				ALWAYS_EMBED_SWIFT_STANDARD_LIBRARIES = YES;
				BUNDLE_LOADER = "$(TEST_HOST)";
				CODE_SIGN_STYLE = Automatic;
				CURRENT_PROJECT_VERSION = 1;
				GENERATE_INFOPLIST_FILE = YES;
				IPHONEOS_DEPLOYMENT_TARGET = 17.2;
				MARKETING_VERSION = 1.0;
				PRODUCT_BUNDLE_IDENTIFIER = example.com.lab4Tests;
				PRODUCT_NAME = "$(TARGET_NAME)";
				SWIFT_EMIT_LOC_STRINGS = NO;
				SWIFT_VERSION = 5.0;
				TARGETED_DEVICE_FAMILY = "1,2";
				TEST_HOST = "$(BUILT_PRODUCTS_DIR)/lab4.app/$(BUNDLE_EXECUTABLE_FOLDER_PATH)/lab4";
			};
			name = Release;
		};
		C81942292B930BB600EAB302 /* Debug */ = {
			isa = XCBuildConfiguration;
			buildSettings = {
				ALWAYS_EMBED_SWIFT_STANDARD_LIBRARIES = YES;
				CODE_SIGN_STYLE = Automatic;
				CURRENT_PROJECT_VERSION = 1;
				GENERATE_INFOPLIST_FILE = YES;
				MARKETING_VERSION = 1.0;
				PRODUCT_BUNDLE_IDENTIFIER = example.com.lab4UITests;
				PRODUCT_NAME = "$(TARGET_NAME)";
				SWIFT_EMIT_LOC_STRINGS = NO;
				SWIFT_VERSION = 5.0;
				TARGETED_DEVICE_FAMILY = "1,2";
				TEST_TARGET_NAME = lab4;
			};
			name = Debug;
		};
		C819422A2B930BB600EAB302 /* Release */ = {
			isa = XCBuildConfiguration;
			buildSettings = {
				ALWAYS_EMBED_SWIFT_STANDARD_LIBRARIES = YES;
				CODE_SIGN_STYLE = Automatic;
				CURRENT_PROJECT_VERSION = 1;
				GENERATE_INFOPLIST_FILE = YES;
				MARKETING_VERSION = 1.0;
				PRODUCT_BUNDLE_IDENTIFIER = example.com.lab4UITests;
				PRODUCT_NAME = "$(TARGET_NAME)";
				SWIFT_EMIT_LOC_STRINGS = NO;
				SWIFT_VERSION = 5.0;
				TARGETED_DEVICE_FAMILY = "1,2";
				TEST_TARGET_NAME = lab4;
			};
			name = Release;
		};
/* End XCBuildConfiguration section */

/* Begin XCConfigurationList section */
		C81941F32B930BB400EAB302 /* Build configuration list for PBXProject "lab4" */ = {
			isa = XCConfigurationList;
			buildConfigurations = (
				C81942202B930BB600EAB302 /* Debug */,
				C81942212B930BB600EAB302 /* Release */,
			);
			defaultConfigurationIsVisible = 0;
			defaultConfigurationName = Release;
		};
		C81942222B930BB600EAB302 /* Build configuration list for PBXNativeTarget "lab4" */ = {
			isa = XCConfigurationList;
			buildConfigurations = (
				C81942232B930BB600EAB302 /* Debug */,
				C81942242B930BB600EAB302 /* Release */,
			);
			defaultConfigurationIsVisible = 0;
			defaultConfigurationName = Release;
		};
		C81942252B930BB600EAB302 /* Build configuration list for PBXNativeTarget "lab4Tests" */ = {
			isa = XCConfigurationList;
			buildConfigurations = (
				C81942262B930BB600EAB302 /* Debug */,
				C81942272B930BB600EAB302 /* Release */,
			);
			defaultConfigurationIsVisible = 0;
			defaultConfigurationName = Release;
		};
		C81942282B930BB600EAB302 /* Build configuration list for PBXNativeTarget "lab4UITests" */ = {
			isa = XCConfigurationList;
			buildConfigurations = (
				C81942292B930BB600EAB302 /* Debug */,
				C819422A2B930BB600EAB302 /* Release */,
			);
			defaultConfigurationIsVisible = 0;
			defaultConfigurationName = Release;
		};
/* End XCConfigurationList section */
	};
	rootObject = C81941F02B930BB400EAB302 /* Project object */;
}
